// !$*UTF8*$!
{
	archiveVersion = 1;
	classes = {
	};
	objectVersion = 46;
	objects = {

/* Begin PBXBuildFile section */
		1DBED6A344E94F5F822767FD /* libPods-LogInject.a in Frameworks */ = {isa = PBXBuildFile; fileRef = EB8A02C1E6C54F43B2BA9976 /* libPods-LogInject.a */; };
		D411F1AC19A5F44F00EA2ECF /* NSInvocation+Simple.m in Sources */ = {isa = PBXBuildFile; fileRef = D411F1AB19A5F44F00EA2ECF /* NSInvocation+Simple.m */; };
		D411F2D819AB4DDF00EA2ECF /* KILogInject+NSNotification.m in Sources */ = {isa = PBXBuildFile; fileRef = D411F2D719AB4DDF00EA2ECF /* KILogInject+NSNotification.m */; };
		D411F2DB19AB4E1000EA2ECF /* KINotificationObserver.m in Sources */ = {isa = PBXBuildFile; fileRef = D411F2DA19AB4E1000EA2ECF /* KINotificationObserver.m */; };
		D4BAA5FE19A59D56001A299D /* Foundation.framework in Frameworks */ = {isa = PBXBuildFile; fileRef = D4BAA5FD19A59D56001A299D /* Foundation.framework */; };
		D4BAA60019A59D56001A299D /* CoreGraphics.framework in Frameworks */ = {isa = PBXBuildFile; fileRef = D4BAA5FF19A59D56001A299D /* CoreGraphics.framework */; };
		D4BAA60219A59D56001A299D /* UIKit.framework in Frameworks */ = {isa = PBXBuildFile; fileRef = D4BAA60119A59D56001A299D /* UIKit.framework */; };
		D4BAA60819A59D56001A299D /* InfoPlist.strings in Resources */ = {isa = PBXBuildFile; fileRef = D4BAA60619A59D56001A299D /* InfoPlist.strings */; };
		D4BAA60A19A59D56001A299D /* main.m in Sources */ = {isa = PBXBuildFile; fileRef = D4BAA60919A59D56001A299D /* main.m */; };
		D4BAA60E19A59D56001A299D /* KIAppDelegate.m in Sources */ = {isa = PBXBuildFile; fileRef = D4BAA60D19A59D56001A299D /* KIAppDelegate.m */; };
		D4BAA61119A59D56001A299D /* Main.storyboard in Resources */ = {isa = PBXBuildFile; fileRef = D4BAA60F19A59D56001A299D /* Main.storyboard */; };
		D4BAA61419A59D56001A299D /* KIViewController.m in Sources */ = {isa = PBXBuildFile; fileRef = D4BAA61319A59D56001A299D /* KIViewController.m */; };
		D4BAA61619A59D56001A299D /* Images.xcassets in Resources */ = {isa = PBXBuildFile; fileRef = D4BAA61519A59D56001A299D /* Images.xcassets */; };
		D4BAA61D19A59D56001A299D /* XCTest.framework in Frameworks */ = {isa = PBXBuildFile; fileRef = D4BAA61C19A59D56001A299D /* XCTest.framework */; };
		D4BAA61E19A59D56001A299D /* Foundation.framework in Frameworks */ = {isa = PBXBuildFile; fileRef = D4BAA5FD19A59D56001A299D /* Foundation.framework */; };
		D4BAA61F19A59D56001A299D /* UIKit.framework in Frameworks */ = {isa = PBXBuildFile; fileRef = D4BAA60119A59D56001A299D /* UIKit.framework */; };
		D4BAA62719A59D56001A299D /* InfoPlist.strings in Resources */ = {isa = PBXBuildFile; fileRef = D4BAA62519A59D56001A299D /* InfoPlist.strings */; };
		D4BAA62919A59D56001A299D /* LogInjectTests.m in Sources */ = {isa = PBXBuildFile; fileRef = D4BAA62819A59D56001A299D /* LogInjectTests.m */; };
		D4BAA63519A5AFD3001A299D /* KILogInject.m in Sources */ = {isa = PBXBuildFile; fileRef = D4BAA63419A5AFD3001A299D /* KILogInject.m */; };
		D4BAA63819A5C052001A299D /* KITestClass.m in Sources */ = {isa = PBXBuildFile; fileRef = D4BAA63719A5C052001A299D /* KITestClass.m */; };
		D4CE963519AF42160072575F /* KILogInject+Properties.m in Sources */ = {isa = PBXBuildFile; fileRef = D4CE963419AF42160072575F /* KILogInject+Properties.m */; };
		D4CE963819AF51C70072575F /* NSObject+PropertyArray.m in Sources */ = {isa = PBXBuildFile; fileRef = D4CE963719AF51C70072575F /* NSObject+PropertyArray.m */; };
		D4CE963B19AF52DA0072575F /* KITestObject.m in Sources */ = {isa = PBXBuildFile; fileRef = D4CE963A19AF52DA0072575F /* KITestObject.m */; };
/* End PBXBuildFile section */

/* Begin PBXContainerItemProxy section */
		D4BAA62019A59D56001A299D /* PBXContainerItemProxy */ = {
			isa = PBXContainerItemProxy;
			containerPortal = D4BAA5F219A59D56001A299D /* Project object */;
			proxyType = 1;
			remoteGlobalIDString = D4BAA5F919A59D56001A299D;
			remoteInfo = LogInject;
		};
/* End PBXContainerItemProxy section */

/* Begin PBXFileReference section */
		712B30F5C5CF48C083B34D50 /* Pods-LogInject.xcconfig */ = {isa = PBXFileReference; includeInIndex = 1; lastKnownFileType = text.xcconfig; name = "Pods-LogInject.xcconfig"; path = "Pods/Pods-LogInject.xcconfig"; sourceTree = "<group>"; };
		D411F1AA19A5F44F00EA2ECF /* NSInvocation+Simple.h */ = {isa = PBXFileReference; fileEncoding = 4; lastKnownFileType = sourcecode.c.h; path = "NSInvocation+Simple.h"; sourceTree = "<group>"; };
		D411F1AB19A5F44F00EA2ECF /* NSInvocation+Simple.m */ = {isa = PBXFileReference; fileEncoding = 4; lastKnownFileType = sourcecode.c.objc; path = "NSInvocation+Simple.m"; sourceTree = "<group>"; };
		D411F2D619AB4DDF00EA2ECF /* KILogInject+NSNotification.h */ = {isa = PBXFileReference; fileEncoding = 4; lastKnownFileType = sourcecode.c.h; path = "KILogInject+NSNotification.h"; sourceTree = "<group>"; };
		D411F2D719AB4DDF00EA2ECF /* KILogInject+NSNotification.m */ = {isa = PBXFileReference; fileEncoding = 4; lastKnownFileType = sourcecode.c.objc; path = "KILogInject+NSNotification.m"; sourceTree = "<group>"; };
		D411F2D919AB4E1000EA2ECF /* KINotificationObserver.h */ = {isa = PBXFileReference; fileEncoding = 4; lastKnownFileType = sourcecode.c.h; path = KINotificationObserver.h; sourceTree = "<group>"; };
		D411F2DA19AB4E1000EA2ECF /* KINotificationObserver.m */ = {isa = PBXFileReference; fileEncoding = 4; lastKnownFileType = sourcecode.c.objc; path = KINotificationObserver.m; sourceTree = "<group>"; };
		D4BAA5FA19A59D56001A299D /* LogInject.app */ = {isa = PBXFileReference; explicitFileType = wrapper.application; includeInIndex = 0; path = LogInject.app; sourceTree = BUILT_PRODUCTS_DIR; };
		D4BAA5FD19A59D56001A299D /* Foundation.framework */ = {isa = PBXFileReference; lastKnownFileType = wrapper.framework; name = Foundation.framework; path = System/Library/Frameworks/Foundation.framework; sourceTree = SDKROOT; };
		D4BAA5FF19A59D56001A299D /* CoreGraphics.framework */ = {isa = PBXFileReference; lastKnownFileType = wrapper.framework; name = CoreGraphics.framework; path = System/Library/Frameworks/CoreGraphics.framework; sourceTree = SDKROOT; };
		D4BAA60119A59D56001A299D /* UIKit.framework */ = {isa = PBXFileReference; lastKnownFileType = wrapper.framework; name = UIKit.framework; path = System/Library/Frameworks/UIKit.framework; sourceTree = SDKROOT; };
		D4BAA60519A59D56001A299D /* LogInject-Info.plist */ = {isa = PBXFileReference; lastKnownFileType = text.plist.xml; path = "LogInject-Info.plist"; sourceTree = "<group>"; };
		D4BAA60719A59D56001A299D /* en */ = {isa = PBXFileReference; lastKnownFileType = text.plist.strings; name = en; path = en.lproj/InfoPlist.strings; sourceTree = "<group>"; };
		D4BAA60919A59D56001A299D /* main.m */ = {isa = PBXFileReference; lastKnownFileType = sourcecode.c.objc; path = main.m; sourceTree = "<group>"; };
		D4BAA60B19A59D56001A299D /* LogInject-Prefix.pch */ = {isa = PBXFileReference; lastKnownFileType = sourcecode.c.h; path = "LogInject-Prefix.pch"; sourceTree = "<group>"; };
		D4BAA60C19A59D56001A299D /* KIAppDelegate.h */ = {isa = PBXFileReference; lastKnownFileType = sourcecode.c.h; path = KIAppDelegate.h; sourceTree = "<group>"; };
		D4BAA60D19A59D56001A299D /* KIAppDelegate.m */ = {isa = PBXFileReference; lastKnownFileType = sourcecode.c.objc; path = KIAppDelegate.m; sourceTree = "<group>"; };
		D4BAA61019A59D56001A299D /* Base */ = {isa = PBXFileReference; lastKnownFileType = file.storyboard; name = Base; path = Base.lproj/Main.storyboard; sourceTree = "<group>"; };
		D4BAA61219A59D56001A299D /* KIViewController.h */ = {isa = PBXFileReference; lastKnownFileType = sourcecode.c.h; path = KIViewController.h; sourceTree = "<group>"; };
		D4BAA61319A59D56001A299D /* KIViewController.m */ = {isa = PBXFileReference; lastKnownFileType = sourcecode.c.objc; path = KIViewController.m; sourceTree = "<group>"; };
		D4BAA61519A59D56001A299D /* Images.xcassets */ = {isa = PBXFileReference; lastKnownFileType = folder.assetcatalog; path = Images.xcassets; sourceTree = "<group>"; };
		D4BAA61B19A59D56001A299D /* LogInjectTests.xctest */ = {isa = PBXFileReference; explicitFileType = wrapper.cfbundle; includeInIndex = 0; path = LogInjectTests.xctest; sourceTree = BUILT_PRODUCTS_DIR; };
		D4BAA61C19A59D56001A299D /* XCTest.framework */ = {isa = PBXFileReference; lastKnownFileType = wrapper.framework; name = XCTest.framework; path = Library/Frameworks/XCTest.framework; sourceTree = DEVELOPER_DIR; };
		D4BAA62419A59D56001A299D /* LogInjectTests-Info.plist */ = {isa = PBXFileReference; lastKnownFileType = text.plist.xml; path = "LogInjectTests-Info.plist"; sourceTree = "<group>"; };
		D4BAA62619A59D56001A299D /* en */ = {isa = PBXFileReference; lastKnownFileType = text.plist.strings; name = en; path = en.lproj/InfoPlist.strings; sourceTree = "<group>"; };
		D4BAA62819A59D56001A299D /* LogInjectTests.m */ = {isa = PBXFileReference; lastKnownFileType = sourcecode.c.objc; path = LogInjectTests.m; sourceTree = "<group>"; };
		D4BAA63319A5AFD3001A299D /* KILogInject.h */ = {isa = PBXFileReference; fileEncoding = 4; lastKnownFileType = sourcecode.c.h; path = KILogInject.h; sourceTree = "<group>"; };
		D4BAA63419A5AFD3001A299D /* KILogInject.m */ = {isa = PBXFileReference; fileEncoding = 4; lastKnownFileType = sourcecode.c.objc; path = KILogInject.m; sourceTree = "<group>"; };
		D4BAA63619A5C052001A299D /* KITestClass.h */ = {isa = PBXFileReference; fileEncoding = 4; lastKnownFileType = sourcecode.c.h; path = KITestClass.h; sourceTree = "<group>"; };
		D4BAA63719A5C052001A299D /* KITestClass.m */ = {isa = PBXFileReference; fileEncoding = 4; lastKnownFileType = sourcecode.c.objc; path = KITestClass.m; sourceTree = "<group>"; };
		D4CE963319AF42160072575F /* KILogInject+Properties.h */ = {isa = PBXFileReference; fileEncoding = 4; lastKnownFileType = sourcecode.c.h; path = "KILogInject+Properties.h"; sourceTree = "<group>"; };
		D4CE963419AF42160072575F /* KILogInject+Properties.m */ = {isa = PBXFileReference; fileEncoding = 4; lastKnownFileType = sourcecode.c.objc; path = "KILogInject+Properties.m"; sourceTree = "<group>"; };
		D4CE963619AF51C70072575F /* NSObject+PropertyArray.h */ = {isa = PBXFileReference; fileEncoding = 4; lastKnownFileType = sourcecode.c.h; path = "NSObject+PropertyArray.h"; sourceTree = "<group>"; };
		D4CE963719AF51C70072575F /* NSObject+PropertyArray.m */ = {isa = PBXFileReference; fileEncoding = 4; lastKnownFileType = sourcecode.c.objc; path = "NSObject+PropertyArray.m"; sourceTree = "<group>"; };
		D4CE963919AF52DA0072575F /* KITestObject.h */ = {isa = PBXFileReference; fileEncoding = 4; lastKnownFileType = sourcecode.c.h; path = KITestObject.h; sourceTree = "<group>"; };
		D4CE963A19AF52DA0072575F /* KITestObject.m */ = {isa = PBXFileReference; fileEncoding = 4; lastKnownFileType = sourcecode.c.objc; path = KITestObject.m; sourceTree = "<group>"; };
		EB8A02C1E6C54F43B2BA9976 /* libPods-LogInject.a */ = {isa = PBXFileReference; explicitFileType = archive.ar; includeInIndex = 0; path = "libPods-LogInject.a"; sourceTree = BUILT_PRODUCTS_DIR; };
/* End PBXFileReference section */

/* Begin PBXFrameworksBuildPhase section */
		D4BAA5F719A59D56001A299D /* Frameworks */ = {
			isa = PBXFrameworksBuildPhase;
			buildActionMask = 2147483647;
			files = (
				D4BAA60019A59D56001A299D /* CoreGraphics.framework in Frameworks */,
				D4BAA60219A59D56001A299D /* UIKit.framework in Frameworks */,
				D4BAA5FE19A59D56001A299D /* Foundation.framework in Frameworks */,
				1DBED6A344E94F5F822767FD /* libPods-LogInject.a in Frameworks */,
			);
			runOnlyForDeploymentPostprocessing = 0;
		};
		D4BAA61819A59D56001A299D /* Frameworks */ = {
			isa = PBXFrameworksBuildPhase;
			buildActionMask = 2147483647;
			files = (
				D4BAA61D19A59D56001A299D /* XCTest.framework in Frameworks */,
				D4BAA61F19A59D56001A299D /* UIKit.framework in Frameworks */,
				D4BAA61E19A59D56001A299D /* Foundation.framework in Frameworks */,
			);
			runOnlyForDeploymentPostprocessing = 0;
		};
/* End PBXFrameworksBuildPhase section */

/* Begin PBXGroup section */
		D411F1AD19A5F48D00EA2ECF /* Extensions */ = {
			isa = PBXGroup;
			children = (
				D411F1AA19A5F44F00EA2ECF /* NSInvocation+Simple.h */,
				D411F1AB19A5F44F00EA2ECF /* NSInvocation+Simple.m */,
				D4CE963619AF51C70072575F /* NSObject+PropertyArray.h */,
				D4CE963719AF51C70072575F /* NSObject+PropertyArray.m */,
			);
			name = Extensions;
			sourceTree = "<group>";
		};
		D4BAA5F119A59D56001A299D = {
			isa = PBXGroup;
			children = (
				D4BAA60319A59D56001A299D /* LogInject */,
				D4BAA62219A59D56001A299D /* LogInjectTests */,
				D4BAA5FC19A59D56001A299D /* Frameworks */,
				D4BAA5FB19A59D56001A299D /* Products */,
				712B30F5C5CF48C083B34D50 /* Pods-LogInject.xcconfig */,
			);
			sourceTree = "<group>";
		};
		D4BAA5FB19A59D56001A299D /* Products */ = {
			isa = PBXGroup;
			children = (
				D4BAA5FA19A59D56001A299D /* LogInject.app */,
				D4BAA61B19A59D56001A299D /* LogInjectTests.xctest */,
			);
			name = Products;
			sourceTree = "<group>";
		};
		D4BAA5FC19A59D56001A299D /* Frameworks */ = {
			isa = PBXGroup;
			children = (
				D4BAA5FD19A59D56001A299D /* Foundation.framework */,
				D4BAA5FF19A59D56001A299D /* CoreGraphics.framework */,
				D4BAA60119A59D56001A299D /* UIKit.framework */,
				D4BAA61C19A59D56001A299D /* XCTest.framework */,
				EB8A02C1E6C54F43B2BA9976 /* libPods-LogInject.a */,
			);
			name = Frameworks;
			sourceTree = "<group>";
		};
		D4BAA60319A59D56001A299D /* LogInject */ = {
			isa = PBXGroup;
			children = (
				D4BAA63219A5AFC4001A299D /* Classes */,
				D4BAA60C19A59D56001A299D /* KIAppDelegate.h */,
				D4BAA60D19A59D56001A299D /* KIAppDelegate.m */,
				D4BAA60F19A59D56001A299D /* Main.storyboard */,
				D4BAA61219A59D56001A299D /* KIViewController.h */,
				D4BAA61319A59D56001A299D /* KIViewController.m */,
				D4CE963919AF52DA0072575F /* KITestObject.h */,
				D4CE963A19AF52DA0072575F /* KITestObject.m */,
				D4BAA61519A59D56001A299D /* Images.xcassets */,
				D4BAA60419A59D56001A299D /* Supporting Files */,
				D4BAA63619A5C052001A299D /* KITestClass.h */,
				D4BAA63719A5C052001A299D /* KITestClass.m */,
			);
			path = LogInject;
			sourceTree = "<group>";
		};
		D4BAA60419A59D56001A299D /* Supporting Files */ = {
			isa = PBXGroup;
			children = (
				D4BAA60519A59D56001A299D /* LogInject-Info.plist */,
				D4BAA60619A59D56001A299D /* InfoPlist.strings */,
				D4BAA60919A59D56001A299D /* main.m */,
				D4BAA60B19A59D56001A299D /* LogInject-Prefix.pch */,
			);
			name = "Supporting Files";
			sourceTree = "<group>";
		};
		D4BAA62219A59D56001A299D /* LogInjectTests */ = {
			isa = PBXGroup;
			children = (
				D4BAA62819A59D56001A299D /* LogInjectTests.m */,
				D4BAA62319A59D56001A299D /* Supporting Files */,
			);
			path = LogInjectTests;
			sourceTree = "<group>";
		};
		D4BAA62319A59D56001A299D /* Supporting Files */ = {
			isa = PBXGroup;
			children = (
				D4BAA62419A59D56001A299D /* LogInjectTests-Info.plist */,
				D4BAA62519A59D56001A299D /* InfoPlist.strings */,
			);
			name = "Supporting Files";
			sourceTree = "<group>";
		};
		D4BAA63219A5AFC4001A299D /* Classes */ = {
			isa = PBXGroup;
			children = (
				D411F1AD19A5F48D00EA2ECF /* Extensions */,
				D4BAA63319A5AFD3001A299D /* KILogInject.h */,
				D4BAA63419A5AFD3001A299D /* KILogInject.m */,
				D411F2D619AB4DDF00EA2ECF /* KILogInject+NSNotification.h */,
				D4CE963319AF42160072575F /* KILogInject+Properties.h */,
				D4CE963419AF42160072575F /* KILogInject+Properties.m */,
				D411F2D719AB4DDF00EA2ECF /* KILogInject+NSNotification.m */,
				D411F2D919AB4E1000EA2ECF /* KINotificationObserver.h */,
				D411F2DA19AB4E1000EA2ECF /* KINotificationObserver.m */,
			);
			path = Classes;
			sourceTree = "<group>";
		};
/* End PBXGroup section */

/* Begin PBXNativeTarget section */
		D4BAA5F919A59D56001A299D /* LogInject */ = {
			isa = PBXNativeTarget;
			buildConfigurationList = D4BAA62C19A59D56001A299D /* Build configuration list for PBXNativeTarget "LogInject" */;
			buildPhases = (
				DFFB5BFC86714BE899FF221F /* Check Pods Manifest.lock */,
				D4BAA5F619A59D56001A299D /* Sources */,
				D4BAA5F719A59D56001A299D /* Frameworks */,
				D4BAA5F819A59D56001A299D /* Resources */,
				D170A01DD2534E7FA8830220 /* Copy Pods Resources */,
			);
			buildRules = (
			);
			dependencies = (
			);
			name = LogInject;
			productName = LogInject;
			productReference = D4BAA5FA19A59D56001A299D /* LogInject.app */;
			productType = "com.apple.product-type.application";
		};
		D4BAA61A19A59D56001A299D /* LogInjectTests */ = {
			isa = PBXNativeTarget;
			buildConfigurationList = D4BAA62F19A59D56001A299D /* Build configuration list for PBXNativeTarget "LogInjectTests" */;
			buildPhases = (
				D4BAA61719A59D56001A299D /* Sources */,
				D4BAA61819A59D56001A299D /* Frameworks */,
				D4BAA61919A59D56001A299D /* Resources */,
			);
			buildRules = (
			);
			dependencies = (
				D4BAA62119A59D56001A299D /* PBXTargetDependency */,
			);
			name = LogInjectTests;
			productName = LogInjectTests;
			productReference = D4BAA61B19A59D56001A299D /* LogInjectTests.xctest */;
			productType = "com.apple.product-type.bundle.unit-test";
		};
/* End PBXNativeTarget section */

/* Begin PBXProject section */
		D4BAA5F219A59D56001A299D /* Project object */ = {
			isa = PBXProject;
			attributes = {
				CLASSPREFIX = KI;
				LastUpgradeCheck = 0510;
				ORGANIZATIONNAME = kaiinui;
				TargetAttributes = {
					D4BAA61A19A59D56001A299D = {
						TestTargetID = D4BAA5F919A59D56001A299D;
					};
				};
			};
			buildConfigurationList = D4BAA5F519A59D56001A299D /* Build configuration list for PBXProject "LogInject" */;
			compatibilityVersion = "Xcode 3.2";
			developmentRegion = English;
			hasScannedForEncodings = 0;
			knownRegions = (
				en,
				Base,
			);
			mainGroup = D4BAA5F119A59D56001A299D;
			productRefGroup = D4BAA5FB19A59D56001A299D /* Products */;
			projectDirPath = "";
			projectRoot = "";
			targets = (
				D4BAA5F919A59D56001A299D /* LogInject */,
				D4BAA61A19A59D56001A299D /* LogInjectTests */,
			);
		};
/* End PBXProject section */

/* Begin PBXResourcesBuildPhase section */
		D4BAA5F819A59D56001A299D /* Resources */ = {
			isa = PBXResourcesBuildPhase;
			buildActionMask = 2147483647;
			files = (
				D4BAA61619A59D56001A299D /* Images.xcassets in Resources */,
				D4BAA60819A59D56001A299D /* InfoPlist.strings in Resources */,
				D4BAA61119A59D56001A299D /* Main.storyboard in Resources */,
			);
			runOnlyForDeploymentPostprocessing = 0;
		};
		D4BAA61919A59D56001A299D /* Resources */ = {
			isa = PBXResourcesBuildPhase;
			buildActionMask = 2147483647;
			files = (
				D4BAA62719A59D56001A299D /* InfoPlist.strings in Resources */,
			);
			runOnlyForDeploymentPostprocessing = 0;
		};
/* End PBXResourcesBuildPhase section */

/* Begin PBXShellScriptBuildPhase section */
		D170A01DD2534E7FA8830220 /* Copy Pods Resources */ = {
			isa = PBXShellScriptBuildPhase;
			buildActionMask = 2147483647;
			files = (
			);
			inputPaths = (
			);
			name = "Copy Pods Resources";
			outputPaths = (
			);
			runOnlyForDeploymentPostprocessing = 0;
			shellPath = /bin/sh;
			shellScript = "\"${SRCROOT}/Pods/Pods-LogInject-resources.sh\"\n";
			showEnvVarsInLog = 0;
		};
		DFFB5BFC86714BE899FF221F /* Check Pods Manifest.lock */ = {
			isa = PBXShellScriptBuildPhase;
			buildActionMask = 2147483647;
			files = (
			);
			inputPaths = (
			);
			name = "Check Pods Manifest.lock";
			outputPaths = (
			);
			runOnlyForDeploymentPostprocessing = 0;
			shellPath = /bin/sh;
			shellScript = "diff \"${PODS_ROOT}/../Podfile.lock\" \"${PODS_ROOT}/Manifest.lock\" > /dev/null\nif [[ $? != 0 ]] ; then\n    cat << EOM\nerror: The sandbox is not in sync with the Podfile.lock. Run 'pod install' or update your CocoaPods installation.\nEOM\n    exit 1\nfi\n";
			showEnvVarsInLog = 0;
		};
/* End PBXShellScriptBuildPhase section */

/* Begin PBXSourcesBuildPhase section */
		D4BAA5F619A59D56001A299D /* Sources */ = {
			isa = PBXSourcesBuildPhase;
			buildActionMask = 2147483647;
			files = (
				D4CE963B19AF52DA0072575F /* KITestObject.m in Sources */,
				D411F2D819AB4DDF00EA2ECF /* KILogInject+NSNotification.m in Sources */,
				D4BAA63819A5C052001A299D /* KITestClass.m in Sources */,
				D4BAA61419A59D56001A299D /* KIViewController.m in Sources */,
				D4BAA60E19A59D56001A299D /* KIAppDelegate.m in Sources */,
				D4BAA60A19A59D56001A299D /* main.m in Sources */,
				D411F1AC19A5F44F00EA2ECF /* NSInvocation+Simple.m in Sources */,
				D4CE963519AF42160072575F /* KILogInject+Properties.m in Sources */,
				D411F2DB19AB4E1000EA2ECF /* KINotificationObserver.m in Sources */,
				D4CE963819AF51C70072575F /* NSObject+PropertyArray.m in Sources */,
				D4BAA63519A5AFD3001A299D /* KILogInject.m in Sources */,
			);
			runOnlyForDeploymentPostprocessing = 0;
		};
		D4BAA61719A59D56001A299D /* Sources */ = {
			isa = PBXSourcesBuildPhase;
			buildActionMask = 2147483647;
			files = (
				D4BAA62919A59D56001A299D /* LogInjectTests.m in Sources */,
			);
			runOnlyForDeploymentPostprocessing = 0;
		};
/* End PBXSourcesBuildPhase section */

/* Begin PBXTargetDependency section */
		D4BAA62119A59D56001A299D /* PBXTargetDependency */ = {
			isa = PBXTargetDependency;
			target = D4BAA5F919A59D56001A299D /* LogInject */;
			targetProxy = D4BAA62019A59D56001A299D /* PBXContainerItemProxy */;
		};
/* End PBXTargetDependency section */

/* Begin PBXVariantGroup section */
		D4BAA60619A59D56001A299D /* InfoPlist.strings */ = {
			isa = PBXVariantGroup;
			children = (
				D4BAA60719A59D56001A299D /* en */,
			);
			name = InfoPlist.strings;
			sourceTree = "<group>";
		};
		D4BAA60F19A59D56001A299D /* Main.storyboard */ = {
			isa = PBXVariantGroup;
			children = (
				D4BAA61019A59D56001A299D /* Base */,
			);
			name = Main.storyboard;
			sourceTree = "<group>";
		};
		D4BAA62519A59D56001A299D /* InfoPlist.strings */ = {
			isa = PBXVariantGroup;
			children = (
				D4BAA62619A59D56001A299D /* en */,
			);
			name = InfoPlist.strings;
			sourceTree = "<group>";
		};
/* End PBXVariantGroup section */

/* Begin XCBuildConfiguration section */
		D4BAA62A19A59D56001A299D /* Debug */ = {
			isa = XCBuildConfiguration;
			buildSettings = {
				ALWAYS_SEARCH_USER_PATHS = NO;
				CLANG_CXX_LANGUAGE_STANDARD = "gnu++0x";
				CLANG_CXX_LIBRARY = "libc++";
				CLANG_ENABLE_MODULES = YES;
				CLANG_ENABLE_OBJC_ARC = YES;
				CLANG_WARN_BOOL_CONVERSION = YES;
				CLANG_WARN_CONSTANT_CONVERSION = YES;
				CLANG_WARN_DIRECT_OBJC_ISA_USAGE = YES_ERROR;
				CLANG_WARN_EMPTY_BODY = YES;
				CLANG_WARN_ENUM_CONVERSION = YES;
				CLANG_WARN_INT_CONVERSION = YES;
				CLANG_WARN_OBJC_ROOT_CLASS = YES_ERROR;
				CLANG_WARN__DUPLICATE_METHOD_MATCH = YES;
				"CODE_SIGN_IDENTITY[sdk=iphoneos*]" = "iPhone Developer";
				COPY_PHASE_STRIP = NO;
				GCC_C_LANGUAGE_STANDARD = gnu99;
				GCC_DYNAMIC_NO_PIC = NO;
				GCC_OPTIMIZATION_LEVEL = 0;
				GCC_PREPROCESSOR_DEFINITIONS = (
					"DEBUG=1",
					"$(inherited)",
				);
				GCC_SYMBOLS_PRIVATE_EXTERN = NO;
				GCC_WARN_64_TO_32_BIT_CONVERSION = YES;
				GCC_WARN_ABOUT_RETURN_TYPE = YES_ERROR;
				GCC_WARN_UNDECLARED_SELECTOR = YES;
				GCC_WARN_UNINITIALIZED_AUTOS = YES_AGGRESSIVE;
				GCC_WARN_UNUSED_FUNCTION = YES;
				GCC_WARN_UNUSED_VARIABLE = YES;
				IPHONEOS_DEPLOYMENT_TARGET = 7.1;
				ONLY_ACTIVE_ARCH = YES;
				SDKROOT = iphoneos;
			};
			name = Debug;
		};
		D4BAA62B19A59D56001A299D /* Release */ = {
			isa = XCBuildConfiguration;
			buildSettings = {
				ALWAYS_SEARCH_USER_PATHS = NO;
				CLANG_CXX_LANGUAGE_STANDARD = "gnu++0x";
				CLANG_CXX_LIBRARY = "libc++";
				CLANG_ENABLE_MODULES = YES;
				CLANG_ENABLE_OBJC_ARC = YES;
				CLANG_WARN_BOOL_CONVERSION = YES;
				CLANG_WARN_CONSTANT_CONVERSION = YES;
				CLANG_WARN_DIRECT_OBJC_ISA_USAGE = YES_ERROR;
				CLANG_WARN_EMPTY_BODY = YES;
				CLANG_WARN_ENUM_CONVERSION = YES;
				CLANG_WARN_INT_CONVERSION = YES;
				CLANG_WARN_OBJC_ROOT_CLASS = YES_ERROR;
				CLANG_WARN__DUPLICATE_METHOD_MATCH = YES;
				"CODE_SIGN_IDENTITY[sdk=iphoneos*]" = "iPhone Developer";
				COPY_PHASE_STRIP = YES;
				ENABLE_NS_ASSERTIONS = NO;
				GCC_C_LANGUAGE_STANDARD = gnu99;
				GCC_WARN_64_TO_32_BIT_CONVERSION = YES;
				GCC_WARN_ABOUT_RETURN_TYPE = YES_ERROR;
				GCC_WARN_UNDECLARED_SELECTOR = YES;
				GCC_WARN_UNINITIALIZED_AUTOS = YES_AGGRESSIVE;
				GCC_WARN_UNUSED_FUNCTION = YES;
				GCC_WARN_UNUSED_VARIABLE = YES;
				IPHONEOS_DEPLOYMENT_TARGET = 7.1;
				SDKROOT = iphoneos;
				VALIDATE_PRODUCT = YES;
			};
			name = Release;
		};
		D4BAA62D19A59D56001A299D /* Debug */ = {
			isa = XCBuildConfiguration;
			baseConfigurationReference = 712B30F5C5CF48C083B34D50 /* Pods-LogInject.xcconfig */;
			buildSettings = {
				ASSETCATALOG_COMPILER_APPICON_NAME = AppIcon;
				ASSETCATALOG_COMPILER_LAUNCHIMAGE_NAME = LaunchImage;
				GCC_PRECOMPILE_PREFIX_HEADER = YES;
				GCC_PREFIX_HEADER = "LogInject/LogInject-Prefix.pch";
				INFOPLIST_FILE = "LogInject/LogInject-Info.plist";
				PRODUCT_NAME = "$(TARGET_NAME)";
				WRAPPER_EXTENSION = app;
			};
			name = Debug;
		};
		D4BAA62E19A59D56001A299D /* Release */ = {
			isa = XCBuildConfiguration;
			baseConfigurationReference = 712B30F5C5CF48C083B34D50 /* Pods-LogInject.xcconfig */;
			buildSettings = {
				ASSETCATALOG_COMPILER_APPICON_NAME = AppIcon;
				ASSETCATALOG_COMPILER_LAUNCHIMAGE_NAME = LaunchImage;
				GCC_PRECOMPILE_PREFIX_HEADER = YES;
				GCC_PREFIX_HEADER = "LogInject/LogInject-Prefix.pch";
				INFOPLIST_FILE = "LogInject/LogInject-Info.plist";
				PRODUCT_NAME = "$(TARGET_NAME)";
				WRAPPER_EXTENSION = app;
			};
			name = Release;
		};
		D4BAA63019A59D56001A299D /* Debug */ = {
			isa = XCBuildConfiguration;
			buildSettings = {
				BUNDLE_LOADER = "$(BUILT_PRODUCTS_DIR)/LogInject.app/LogInject";
				FRAMEWORK_SEARCH_PATHS = (
					"$(SDKROOT)/Developer/Library/Frameworks",
					"$(inherited)",
					"$(DEVELOPER_FRAMEWORKS_DIR)",
				);
				GCC_PRECOMPILE_PREFIX_HEADER = YES;
				GCC_PREFIX_HEADER = "LogInject/LogInject-Prefix.pch";
				GCC_PREPROCESSOR_DEFINITIONS = (
					"DEBUG=1",
					"$(inherited)",
				);
				INFOPLIST_FILE = "LogInjectTests/LogInjectTests-Info.plist";
				PRODUCT_NAME = "$(TARGET_NAME)";
				TEST_HOST = "$(BUNDLE_LOADER)";
				WRAPPER_EXTENSION = xctest;
			};
			name = Debug;
		};
		D4BAA63119A59D56001A299D /* Release */ = {
			isa = XCBuildConfiguration;
			buildSettings = {
				BUNDLE_LOADER = "$(BUILT_PRODUCTS_DIR)/LogInject.app/LogInject";
				FRAMEWORK_SEARCH_PATHS = (
					"$(SDKROOT)/Developer/Library/Frameworks",
					"$(inherited)",
					"$(DEVELOPER_FRAMEWORKS_DIR)",
				);
				GCC_PRECOMPILE_PREFIX_HEADER = YES;
				GCC_PREFIX_HEADER = "LogInject/LogInject-Prefix.pch";
				INFOPLIST_FILE = "LogInjectTests/LogInjectTests-Info.plist";
				PRODUCT_NAME = "$(TARGET_NAME)";
				TEST_HOST = "$(BUNDLE_LOADER)";
				WRAPPER_EXTENSION = xctest;
			};
			name = Release;
		};
/* End XCBuildConfiguration section */

/* Begin XCConfigurationList section */
		D4BAA5F519A59D56001A299D /* Build configuration list for PBXProject "LogInject" */ = {
			isa = XCConfigurationList;
			buildConfigurations = (
				D4BAA62A19A59D56001A299D /* Debug */,
				D4BAA62B19A59D56001A299D /* Release */,
			);
			defaultConfigurationIsVisible = 0;
			defaultConfigurationName = Release;
		};
		D4BAA62C19A59D56001A299D /* Build configuration list for PBXNativeTarget "LogInject" */ = {
			isa = XCConfigurationList;
			buildConfigurations = (
				D4BAA62D19A59D56001A299D /* Debug */,
				D4BAA62E19A59D56001A299D /* Release */,
			);
			defaultConfigurationIsVisible = 0;
			defaultConfigurationName = Release;
		};
		D4BAA62F19A59D56001A299D /* Build configuration list for PBXNativeTarget "LogInjectTests" */ = {
			isa = XCConfigurationList;
			buildConfigurations = (
				D4BAA63019A59D56001A299D /* Debug */,
				D4BAA63119A59D56001A299D /* Release */,
			);
			defaultConfigurationIsVisible = 0;
			defaultConfigurationName = Release;
		};
/* End XCConfigurationList section */
	};
	rootObject = D4BAA5F219A59D56001A299D /* Project object */;
}
